
Microsoft Visual Studio Solution File, Format Version 12.00
# Visual Studio Version 17
VisualStudioVersion = 17.2.32516.85
MinimumVisualStudioVersion = 10.0.40219.1
Project("{9A19103F-16F7-4668-BE54-9A1E7A4F7556}") = "Assets.API", "API\Assets.API.csproj", "{50505E9A-41D0-4BC4-95A4-0C7B52BEDA90}"
EndProject
Project("{9A19103F-16F7-4668-BE54-9A1E7A4F7556}") = "Assets.Model", "Model\Assets.Model.csproj", "{DC9C27B1-BDBA-4622-9038-E0020299FF3F}"
EndProject
Project("{9A19103F-16F7-4668-BE54-9A1E7A4F7556}") = "Assets.Tests", "Tests\Assets.Tests.csproj", "{BAABD0D0-09DF-4232-A914-45908A873C14}"
EndProject
Global
	GlobalSection(SolutionConfigurationPlatforms) = preSolution
		Debug|Any CPU = Debug|Any CPU
		Release|Any CPU = Release|Any CPU
	EndGlobalSection
	GlobalSection(ProjectConfigurationPlatforms) = postSolution
		{50505E9A-41D0-4BC4-95A4-0C7B52BEDA90}.Debug|Any CPU.ActiveCfg = Debug|Any CPU
		{50505E9A-41D0-4BC4-95A4-0C7B52BEDA90}.Debug|Any CPU.Build.0 = Debug|Any CPU
		{50505E9A-41D0-4BC4-95A4-0C7B52BEDA90}.Release|Any CPU.ActiveCfg = Release|Any CPU
		{50505E9A-41D0-4BC4-95A4-0C7B52BEDA90}.Release|Any CPU.Build.0 = Release|Any CPU
		{DC9C27B1-BDBA-4622-9038-E0020299FF3F}.Debug|Any CPU.ActiveCfg = Debug|Any CPU
		{DC9C27B1-BDBA-4622-9038-E0020299FF3F}.Debug|Any CPU.Build.0 = Debug|Any CPU
		{DC9C27B1-BDBA-4622-9038-E0020299FF3F}.Release|Any CPU.ActiveCfg = Release|Any CPU
		{DC9C27B1-BDBA-4622-9038-E0020299FF3F}.Release|Any CPU.Build.0 = Release|Any CPU
		{BAABD0D0-09DF-4232-A914-45908A873C14}.Debug|Any CPU.ActiveCfg = Debug|Any CPU
		{BAABD0D0-09DF-4232-A914-45908A873C14}.Debug|Any CPU.Build.0 = Debug|Any CPU
		{BAABD0D0-09DF-4232-A914-45908A873C14}.Release|Any CPU.ActiveCfg = Release|Any CPU
		{BAABD0D0-09DF-4232-A914-45908A873C14}.Release|Any CPU.Build.0 = Release|Any CPU
	EndGlobalSection
	GlobalSection(SolutionProperties) = preSolution
		HideSolutionNode = FALSE
	EndGlobalSection
	GlobalSection(ExtensibilityGlobals) = postSolution
		SolutionGuid = {3C1B6AD6-1881-4BD2-A0AC-0D74EFFEC956}
	EndGlobalSection
EndGlobal
